<?xml version="1.0" encoding="utf-8"?>
<Project ToolsVersion="4.0" xmlns="http://schemas.microsoft.com/developer/msbuild/2003">
  <ItemGroup>
    <Filter Include="ソース ファイル">
      <UniqueIdentifier>{4FC737F1-C7A5-4376-A066-2A32D752A2FF}</UniqueIdentifier>
      <Extensions>cpp;c;cc;cxx;c++;cppm;ixx;def;odl;idl;hpj;bat;asm;asmx</Extensions>
    </Filter>
    <Filter Include="ヘッダー ファイル">
      <UniqueIdentifier>{93995380-89BD-4b04-88EB-625FBE52EBFB}</UniqueIdentifier>
      <Extensions>h;hh;hpp;hxx;h++;hm;inl;inc;ipp;xsd</Extensions>
    </Filter>
    <Filter Include="リソース ファイル">
      <UniqueIdentifier>{67DA6AB6-F800-4c08-8B7A-83BB121AAD01}</UniqueIdentifier>
      <Extensions>rc;ico;cur;bmp;dlg;rc2;rct;bin;rgs;gif;jpg;jpeg;jpe;resx;tiff;tif;png;wav;mfcribbon-ms</Extensions>
    </Filter>
    <Filter Include="ソース ファイル\scene">
      <UniqueIdentifier>{79931812-d58f-4bff-92b2-9a31d925634d}</UniqueIdentifier>
    </Filter>
    <Filter Include="ヘッダー ファイル\scene">
      <UniqueIdentifier>{e1dc0abe-7f97-45ba-9eea-85b2d40ad162}</UniqueIdentifier>
    </Filter>
    <Filter Include="ヘッダー ファイル\collider">
      <UniqueIdentifier>{72e49ad6-945c-460e-913b-dc38ecf6755d}</UniqueIdentifier>
    </Filter>
    <Filter Include="ソース ファイル\lib">
      <UniqueIdentifier>{bbd76b49-bfa9-40e7-b0a8-516349f31bf2}</UniqueIdentifier>
    </Filter>
    <Filter Include="ソース ファイル\enemy">
      <UniqueIdentifier>{c7855952-2c98-4acf-981f-13ab6241abba}</UniqueIdentifier>
    </Filter>
    <Filter Include="ソース ファイル\object">
      <UniqueIdentifier>{99bb6d1d-3d8d-4581-9c8d-d6e85e571b8f}</UniqueIdentifier>
    </Filter>
    <Filter Include="ヘッダー ファイル\lib">
      <UniqueIdentifier>{f933a465-00a6-429f-84a7-408de3b0df6d}</UniqueIdentifier>
    </Filter>
    <Filter Include="ヘッダー ファイル\enemy">
      <UniqueIdentifier>{43945e6d-7792-4bb3-9f31-2e7fa5f1cb0d}</UniqueIdentifier>
    </Filter>
    <Filter Include="ヘッダー ファイル\player">
      <UniqueIdentifier>{400122c8-1bca-40fb-8395-d97e9033e8d8}</UniqueIdentifier>
    </Filter>
    <Filter Include="ヘッダー ファイル\object">
      <UniqueIdentifier>{e4200ecd-955c-4fd1-bcf6-8aa7fea49fbb}</UniqueIdentifier>
    </Filter>
    <Filter Include="ヘッダー ファイル\object\ui">
      <UniqueIdentifier>{6170fa42-f8a5-4a06-997c-3ad2db32fcf5}</UniqueIdentifier>
    </Filter>
    <Filter Include="ソース ファイル\object\ui">
      <UniqueIdentifier>{759f7251-a066-417e-8cf5-67e324f368fb}</UniqueIdentifier>
    </Filter>
    <Filter Include="ソース ファイル\manager">
      <UniqueIdentifier>{055b7dff-428e-4b91-aad5-8c079102e9e7}</UniqueIdentifier>
    </Filter>
    <Filter Include="ヘッダー ファイル\manager">
      <UniqueIdentifier>{57e6f74b-b236-4338-919d-46107479d2c2}</UniqueIdentifier>
    </Filter>
    <Filter Include="ソース ファイル\node">
      <UniqueIdentifier>{6292120a-12b6-44b8-b399-c1c09c40d017}</UniqueIdentifier>
    </Filter>
    <Filter Include="ヘッダー ファイル\enemy\node_tab">
      <UniqueIdentifier>{62031bad-4ded-4086-ae21-b9b90e90d537}</UniqueIdentifier>
    </Filter>
    <Filter Include="ソース ファイル\enemy\node_tab">
      <UniqueIdentifier>{0c3e364e-5560-495f-a30a-3cc3da9ee823}</UniqueIdentifier>
    </Filter>
    <Filter Include="ヘッダー ファイル\enemy\node">
      <UniqueIdentifier>{df59b42c-f1ae-4e16-be1d-101c323faef8}</UniqueIdentifier>
    </Filter>
    <Filter Include="ソース ファイル\enemy\node">
      <UniqueIdentifier>{2528f44a-95c6-4352-9a27-44f7b42763d6}</UniqueIdentifier>
    </Filter>
    <Filter Include="ヘッダー ファイル\object\ui\in_game">
      <UniqueIdentifier>{a06acb10-4fdd-46bf-a01c-bccb0c4cf770}</UniqueIdentifier>
    </Filter>
    <Filter Include="ソース ファイル\object\ui\in_game">
      <UniqueIdentifier>{5ede3536-d5e7-44d8-958e-ce5dbf5a932b}</UniqueIdentifier>
    </Filter>
    <Filter Include="ソース ファイル\enemy\base_data">
      <UniqueIdentifier>{f8b5900f-88c0-4827-8442-e70c6805f90c}</UniqueIdentifier>
    </Filter>
    <Filter Include="ヘッダー ファイル\enemy\base_data">
      <UniqueIdentifier>{0c8a53d4-065b-4a59-8095-de3e7e3541b1}</UniqueIdentifier>
    </Filter>
    <Filter Include="ソース ファイル\scene\state">
      <UniqueIdentifier>{1aa69263-310c-4780-9446-5f8d6c5f52eb}</UniqueIdentifier>
    </Filter>
    <Filter Include="ヘッダー ファイル\scene\state">
      <UniqueIdentifier>{c7f17780-7514-4d25-b6ca-5180a80bbe18}</UniqueIdentifier>
    </Filter>
    <Filter Include="ヘッダー ファイル\enemy\node\socket">
      <UniqueIdentifier>{a6797e1e-2b48-430c-a8bb-6e641ccc5bf9}</UniqueIdentifier>
    </Filter>
    <Filter Include="ソース ファイル\enemy\node\socket">
      <UniqueIdentifier>{8c15dbf5-ff57-499e-a3cd-faa0cf5d8613}</UniqueIdentifier>
    </Filter>
  </ItemGroup>
  <ItemGroup>
    <ClInclude Include="main.h">
      <Filter>ヘッダー ファイル</Filter>
    </ClInclude>
    <ClInclude Include="component.h">
      <Filter>ヘッダー ファイル</Filter>
    </ClInclude>
    <ClInclude Include="hedder\scene\game_scene.h">
      <Filter>ヘッダー ファイル\scene</Filter>
    </ClInclude>
    <ClInclude Include="hedder\scene\setting_scene.h">
      <Filter>ヘッダー ファイル\scene</Filter>
    </ClInclude>
    <ClInclude Include="hedder\scene\title_scene.h">
      <Filter>ヘッダー ファイル\scene</Filter>
    </ClInclude>
    <ClInclude Include="hedder\scene\base_scene.h">
      <Filter>ヘッダー ファイル\scene</Filter>
    </ClInclude>
    <ClInclude Include="hedder\collider\collider_base.h">
      <Filter>ヘッダー ファイル\collider</Filter>
    </ClInclude>
    <ClInclude Include="hedder\collider\collision.h">
      <Filter>ヘッダー ファイル\collider</Filter>
    </ClInclude>
    <ClInclude Include="hedder\collider\cube.h">
      <Filter>ヘッダー ファイル\collider</Filter>
    </ClInclude>
    <ClInclude Include="player.h">
      <Filter>ヘッダー ファイル\player</Filter>
    </ClInclude>
    <ClInclude Include="hedder\object\billboard.h">
      <Filter>ヘッダー ファイル\object</Filter>
    </ClInclude>
    <ClInclude Include="hedder\object\camera.h">
      <Filter>ヘッダー ファイル\object</Filter>
    </ClInclude>
    <ClInclude Include="hedder\object\field.h">
      <Filter>ヘッダー ファイル\object</Filter>
    </ClInclude>
    <ClInclude Include="hedder\object\game_object.h">
      <Filter>ヘッダー ファイル\object</Filter>
    </ClInclude>
    <ClInclude Include="hedder\object\ui\ui.h">
      <Filter>ヘッダー ファイル\object\ui</Filter>
    </ClInclude>
    <ClInclude Include="hedder\object\ui\image.h">
      <Filter>ヘッダー ファイル\object\ui</Filter>
    </ClInclude>
    <ClInclude Include="result_scene.h">
      <Filter>ヘッダー ファイル\scene</Filter>
    </ClInclude>
    <ClInclude Include="score.h">
      <Filter>ヘッダー ファイル</Filter>
    </ClInclude>
    <ClInclude Include="hedder\lib\easing.h">
      <Filter>ヘッダー ファイル\lib</Filter>
    </ClInclude>
    <ClInclude Include="hedder\lib\audio.h">
      <Filter>ヘッダー ファイル\lib</Filter>
    </ClInclude>
    <ClInclude Include="hedder\object\2d_object.h">
      <Filter>ヘッダー ファイル\object</Filter>
    </ClInclude>
    <ClInclude Include="hedder\object\3d_object.h">
      <Filter>ヘッダー ファイル\object</Filter>
    </ClInclude>
    <ClInclude Include="skydome.h">
      <Filter>ヘッダー ファイル\object</Filter>
    </ClInclude>
    <ClInclude Include="hedder\lib\mouse.h">
      <Filter>ヘッダー ファイル\lib</Filter>
    </ClInclude>
    <ClInclude Include="hedder\lib\vector3.h">
      <Filter>ヘッダー ファイル\lib</Filter>
    </ClInclude>
    <ClInclude Include="hedder\lib\vector2.h">
      <Filter>ヘッダー ファイル\lib</Filter>
    </ClInclude>
    <ClInclude Include="hedder\enemy\bullet.h">
      <Filter>ヘッダー ファイル\enemy</Filter>
    </ClInclude>
    <ClInclude Include="hedder\enemy\explosion.h">
      <Filter>ヘッダー ファイル\enemy</Filter>
    </ClInclude>
    <ClInclude Include="hedder\enemy\node_tab\attack.h">
      <Filter>ヘッダー ファイル\enemy\node_tab</Filter>
    </ClInclude>
    <ClInclude Include="hedder\enemy\node_tab\death.h">
      <Filter>ヘッダー ファイル\enemy\node_tab</Filter>
    </ClInclude>
    <ClInclude Include="hedder\enemy\node_tab\movement.h">
      <Filter>ヘッダー ファイル\enemy\node_tab</Filter>
    </ClInclude>
    <ClInclude Include="hedder\object\panel.h">
      <Filter>ヘッダー ファイル\object</Filter>
    </ClInclude>
    <ClInclude Include="hedder\object\ui\in_game\enemy_node.h">
      <Filter>ヘッダー ファイル\object\ui\in_game</Filter>
    </ClInclude>
    <ClInclude Include="hedder\enemy\node_tab\dnatab_button.h">
      <Filter>ヘッダー ファイル\enemy\node_tab</Filter>
    </ClInclude>
    <ClInclude Include="hedder\enemy\dna_screen_script.h">
      <Filter>ヘッダー ファイル\enemy</Filter>
    </ClInclude>
    <ClInclude Include="hedder\enemy\node_tab\tab_base.h">
      <Filter>ヘッダー ファイル\enemy\node_tab</Filter>
    </ClInclude>
    <ClInclude Include="hedder\enemy\field_enemy.h">
      <Filter>ヘッダー ファイル\enemy</Filter>
    </ClInclude>
    <ClInclude Include="hedder\enemy\base_data\enemy_base.h">
      <Filter>ヘッダー ファイル\enemy\base_data</Filter>
    </ClInclude>
    <ClInclude Include="hedder\enemy\enemy_3d.h">
      <Filter>ヘッダー ファイル\enemy</Filter>
    </ClInclude>
    <ClInclude Include="hedder\enemy\enemy_spawner.h">
      <Filter>ヘッダー ファイル\enemy</Filter>
    </ClInclude>
    <ClInclude Include="hedder\enemy\base_data\slime.h">
      <Filter>ヘッダー ファイル\enemy\base_data</Filter>
    </ClInclude>
    <ClInclude Include="hedder\lib\transform.h">
      <Filter>ヘッダー ファイル</Filter>
    </ClInclude>
    <ClInclude Include="hedder\object\ui\button.h">
      <Filter>ヘッダー ファイル\object\ui</Filter>
    </ClInclude>
    <ClInclude Include="hedder\object\ui\in_game\fade.h">
      <Filter>ヘッダー ファイル\object\ui\in_game</Filter>
    </ClInclude>
    <ClInclude Include="hedder\collider\sphere.h">
      <Filter>ヘッダー ファイル\collider</Filter>
    </ClInclude>
    <ClInclude Include="hedder\enemy\node\move_x.h">
      <Filter>ヘッダー ファイル\enemy\node</Filter>
    </ClInclude>
    <ClInclude Include="hedder\enemy\node\move_z.h">
      <Filter>ヘッダー ファイル\enemy\node</Filter>
    </ClInclude>
    <ClInclude Include="hedder\enemy\base_data\minotaur.h">
      <Filter>ヘッダー ファイル\enemy\base_data</Filter>
    </ClInclude>
    <ClInclude Include="hedder\enemy\node_tab\togame_button.h">
      <Filter>ヘッダー ファイル\enemy\node_tab</Filter>
    </ClInclude>
    <ClInclude Include="hedder\enemy\base_data\enemy_list.h">
      <Filter>ヘッダー ファイル\enemy\base_data</Filter>
    </ClInclude>
    <ClInclude Include="hedder\object\system_object.h">
      <Filter>ヘッダー ファイル\object</Filter>
    </ClInclude>
    <ClInclude Include="hedder\enemy\node_tab\enemy_dna_list.h">
      <Filter>ヘッダー ファイル\enemy\node_tab</Filter>
    </ClInclude>
    <ClInclude Include="hedder\manager\shader_manager.h">
      <Filter>ヘッダー ファイル\manager</Filter>
    </ClInclude>
    <ClInclude Include="hedder\manager\texture_manager.h">
      <Filter>ヘッダー ファイル\manager</Filter>
    </ClInclude>
    <ClInclude Include="hedder\manager\default_vertex.h">
      <Filter>ヘッダー ファイル\manager</Filter>
    </ClInclude>
    <ClInclude Include="hedder\scene\manager.h">
      <Filter>ヘッダー ファイル\scene</Filter>
    </ClInclude>
    <ClInclude Include="hedder\lib\input.h">
      <Filter>ヘッダー ファイル\lib</Filter>
    </ClInclude>
    <ClInclude Include="hedder\lib\modelRenderer.h">
      <Filter>ヘッダー ファイル\lib</Filter>
    </ClInclude>
    <ClInclude Include="hedder\lib\renderer.h">
      <Filter>ヘッダー ファイル\lib</Filter>
    </ClInclude>
    <ClInclude Include="hedder\lib\write_font.h">
      <Filter>ヘッダー ファイル\lib</Filter>
    </ClInclude>
    <ClInclude Include="hedder\object\ui\font.h">
      <Filter>ヘッダー ファイル\object\ui</Filter>
    </ClInclude>
    <ClInclude Include="hedder\scene\state\base_state.h">
      <Filter>ヘッダー ファイル\scene\state</Filter>
    </ClInclude>
    <ClInclude Include="hedder\scene\state\dna_table_state.h">
      <Filter>ヘッダー ファイル\scene\state</Filter>
    </ClInclude>
    <ClInclude Include="hedder\scene\state\state_manager.h">
      <Filter>ヘッダー ファイル\scene\state</Filter>
    </ClInclude>
    <ClInclude Include="hedder\scene\state\dna_edit_state.h">
      <Filter>ヘッダー ファイル\scene\state</Filter>
    </ClInclude>
    <ClInclude Include="hedder\scene\state\game_base_state.h">
      <Filter>ヘッダー ファイル\scene\state</Filter>
    </ClInclude>
    <ClInclude Include="hedder\scene\state\setting_state.h">
      <Filter>ヘッダー ファイル\scene\state</Filter>
    </ClInclude>
    <ClInclude Include="hedder\enemy\node\number.h">
      <Filter>ヘッダー ファイル\enemy\node</Filter>
    </ClInclude>
    <ClInclude Include="hedder\enemy\node\socket\number_socket.h">
      <Filter>ヘッダー ファイル\enemy\node\socket</Filter>
    </ClInclude>
    <ClInclude Include="hedder\enemy\node\base.h">
      <Filter>ヘッダー ファイル\enemy\node</Filter>
    </ClInclude>
    <ClInclude Include="hedder\enemy\node\add_score.h">
      <Filter>ヘッダー ファイル\enemy\node</Filter>
    </ClInclude>
    <ClInclude Include="hedder\enemy\node\visual_base.h">
      <Filter>ヘッダー ファイル</Filter>
    </ClInclude>
    <ClInclude Include="hedder\lib\particle.h">
      <Filter>ヘッダー ファイル\lib</Filter>
    </ClInclude>
    <ClInclude Include="hedder\lib\2d_particle.h">
      <Filter>ヘッダー ファイル\lib</Filter>
    </ClInclude>
  </ItemGroup>
  <ItemGroup>
    <ClCompile Include="main.cpp">
      <Filter>ソース ファイル</Filter>
    </ClCompile>
    <ClCompile Include="cpp\scene\game_scene.cpp">
      <Filter>ソース ファイル\scene</Filter>
    </ClCompile>
    <ClCompile Include="cpp\scene\setting_scene.cpp">
      <Filter>ソース ファイル\scene</Filter>
    </ClCompile>
    <ClCompile Include="cpp\scene\title_scene.cpp">
      <Filter>ソース ファイル\scene</Filter>
    </ClCompile>
    <ClCompile Include="billboard.cpp">
      <Filter>ソース ファイル\object</Filter>
    </ClCompile>
    <ClCompile Include="cpp\scene\base_scene.cpp">
      <Filter>ソース ファイル\scene</Filter>
    </ClCompile>
    <ClCompile Include="cpp\object\game_object.cpp">
      <Filter>ソース ファイル\object</Filter>
    </ClCompile>
    <ClCompile Include="result_scene.cpp">
      <Filter>ソース ファイル\scene</Filter>
    </ClCompile>
    <ClCompile Include="score.cpp">
      <Filter>ソース ファイル</Filter>
    </ClCompile>
    <ClCompile Include="cpp\lib\easing.cpp">
      <Filter>ソース ファイル\lib</Filter>
    </ClCompile>
    <ClCompile Include="cpp\lib\audio.cpp">
      <Filter>ソース ファイル\lib</Filter>
    </ClCompile>
    <ClCompile Include="cpp\lib\mouse.cpp">
      <Filter>ソース ファイル\lib</Filter>
    </ClCompile>
    <ClCompile Include="cpp\enemy\bullet.cpp">
      <Filter>ソース ファイル\enemy</Filter>
    </ClCompile>
    <ClCompile Include="cpp\enemy\explosion.cpp">
      <Filter>ソース ファイル\enemy</Filter>
    </ClCompile>
    <ClCompile Include="cpp\enemy\node_tab\attack.cpp">
      <Filter>ソース ファイル\enemy\node_tab</Filter>
    </ClCompile>
    <ClCompile Include="cpp\enemy\node_tab\death.cpp">
      <Filter>ソース ファイル\enemy\node_tab</Filter>
    </ClCompile>
    <ClCompile Include="cpp\enemy\node_tab\movement.cpp">
      <Filter>ソース ファイル\enemy\node_tab</Filter>
    </ClCompile>
    <ClCompile Include="cpp\enemy\node\base.cpp">
      <Filter>ソース ファイル\enemy\node</Filter>
    </ClCompile>
    <ClCompile Include="cpp\object\ui\in_game\enemy_node.cpp">
      <Filter>ソース ファイル\object\ui\in_game</Filter>
    </ClCompile>
    <ClCompile Include="cpp\object\ui\button.cpp">
      <Filter>ソース ファイル\object\ui</Filter>
    </ClCompile>
    <ClCompile Include="cpp\object\ui\image.cpp">
      <Filter>ソース ファイル\object\ui</Filter>
    </ClCompile>
    <ClCompile Include="cpp\object\panel.cpp">
      <Filter>ソース ファイル\object</Filter>
    </ClCompile>
    <ClCompile Include="cpp\enemy\dna_screen_script.cpp">
      <Filter>ソース ファイル\enemy</Filter>
    </ClCompile>
    <ClCompile Include="cpp\enemy\node_tab\dnatab_button.cpp">
      <Filter>ソース ファイル\enemy\node_tab</Filter>
    </ClCompile>
    <ClCompile Include="cpp\enemy\node_tab\tab_base.cpp">
      <Filter>ソース ファイル\enemy\node_tab</Filter>
    </ClCompile>
    <ClCompile Include="cpp\enemy\field_enemy.cpp">
      <Filter>ソース ファイル\enemy</Filter>
    </ClCompile>
    <ClCompile Include="cpp\enemy\base_data\enemy_base.cpp">
      <Filter>ソース ファイル\enemy\base_data</Filter>
    </ClCompile>
    <ClCompile Include="cpp\enemy\enemy_3d.cpp">
      <Filter>ソース ファイル\enemy</Filter>
    </ClCompile>
    <ClCompile Include="cpp\enemy\enemy_spawner.cpp">
      <Filter>ソース ファイル\enemy</Filter>
    </ClCompile>
    <ClCompile Include="cpp\enemy\base_data\slime.cpp">
      <Filter>ソース ファイル\enemy\base_data</Filter>
    </ClCompile>
    <ClCompile Include="cpp\collider\collision.cpp">
      <Filter>ソース ファイル</Filter>
    </ClCompile>
    <ClCompile Include="cpp\collider\sphere.cpp">
      <Filter>ソース ファイル</Filter>
    </ClCompile>
    <ClCompile Include="cpp\object\ui\in_game\fade.cpp">
      <Filter>ソース ファイル\object\ui\in_game</Filter>
    </ClCompile>
    <ClCompile Include="cpp\enemy\node\move_x.cpp">
      <Filter>ソース ファイル\enemy\node</Filter>
    </ClCompile>
    <ClCompile Include="cpp\enemy\node\move_z.cpp">
      <Filter>ソース ファイル\enemy\node</Filter>
    </ClCompile>
    <ClCompile Include="cpp\enemy\base_data\minotaur.cpp">
      <Filter>ソース ファイル\enemy\base_data</Filter>
    </ClCompile>
    <ClCompile Include="cpp\enemy\node\add_score.cpp">
      <Filter>ソース ファイル\enemy\node</Filter>
    </ClCompile>
    <ClCompile Include="cpp\enemy\node_tab\togame_button.cpp">
      <Filter>ソース ファイル\enemy\node_tab</Filter>
    </ClCompile>
    <ClCompile Include="cpp\enemy\base_data\enemy_list.cpp">
      <Filter>ソース ファイル\enemy\base_data</Filter>
    </ClCompile>
    <ClCompile Include="cpp\enemy\node_tab\enemy_dna_list.cpp">
      <Filter>ソース ファイル\enemy\node_tab</Filter>
    </ClCompile>
    <ClCompile Include="cpp\object\field.cpp">
      <Filter>ソース ファイル\object</Filter>
    </ClCompile>
    <ClCompile Include="cpp\object\player.cpp">
      <Filter>ソース ファイル\object</Filter>
    </ClCompile>
    <ClCompile Include="cpp\object\skydome.cpp">
      <Filter>ソース ファイル\object</Filter>
    </ClCompile>
    <ClCompile Include="cpp\object\camera.cpp">
      <Filter>ソース ファイル\object</Filter>
    </ClCompile>
    <ClCompile Include="cpp\manager\shader_manager.cpp">
      <Filter>ソース ファイル\manager</Filter>
    </ClCompile>
    <ClCompile Include="cpp\manager\texture_manager.cpp">
      <Filter>ソース ファイル\manager</Filter>
    </ClCompile>
    <ClCompile Include="cpp\manager\default_vertex.cpp">
      <Filter>ソース ファイル\manager</Filter>
    </ClCompile>
    <ClCompile Include="cpp\lib\input.cpp">
      <Filter>ソース ファイル\lib</Filter>
    </ClCompile>
    <ClCompile Include="cpp\lib\renderer.cpp">
      <Filter>ソース ファイル\lib</Filter>
    </ClCompile>
    <ClCompile Include="cpp\lib\modelRenderer.cpp">
      <Filter>ソース ファイル\lib</Filter>
    </ClCompile>
    <ClCompile Include="cpp\scene\manager.cpp">
      <Filter>ソース ファイル\scene</Filter>
    </ClCompile>
    <ClCompile Include="cpp\lib\write_font.cpp">
      <Filter>ソース ファイル\lib</Filter>
    </ClCompile>
    <ClCompile Include="cpp\object\ui\font.cpp">
      <Filter>ソース ファイル\object\ui</Filter>
    </ClCompile>
    <ClCompile Include="cpp\scene\state\base_state.cpp">
      <Filter>ソース ファイル\scene\state</Filter>
    </ClCompile>
    <ClCompile Include="pch.cpp">
      <Filter>ソース ファイル</Filter>
    </ClCompile>
    <ClCompile Include="cpp\scene\state\dna_table_state.cpp">
      <Filter>ソース ファイル\scene\state</Filter>
    </ClCompile>
    <ClCompile Include="cpp\scene\state\state_manager.cpp">
      <Filter>ソース ファイル\scene\state</Filter>
    </ClCompile>
    <ClCompile Include="cpp\scene\state\dna_edit_state.cpp">
      <Filter>ソース ファイル\scene\state</Filter>
    </ClCompile>
    <ClCompile Include="cpp\scene\state\game_base_state.cpp">
      <Filter>ソース ファイル\scene\state</Filter>
    </ClCompile>
    <ClCompile Include="cpp\scene\state\setting_state.cpp">
      <Filter>ソース ファイル\scene\state</Filter>
    </ClCompile>
    <ClCompile Include="cpp\object\3d_object.cpp">
      <Filter>ソース ファイル</Filter>
    </ClCompile>
    <ClCompile Include="cpp\enemy\node\number.cpp">
      <Filter>ソース ファイル\enemy\node</Filter>
    </ClCompile>
    <ClCompile Include="cpp\enemy\node\socket\number_socket.cpp">
      <Filter>ソース ファイル\enemy\node\socket</Filter>
    </ClCompile>
    <ClCompile Include="cpp\enemy\node\visual_base.cpp">
      <Filter>ソース ファイル</Filter>
    </ClCompile>
    <ClCompile Include="cpp\lib\2d_particle.cpp">
      <Filter>ソース ファイル\lib</Filter>
    </ClCompile>
    <ClCompile Include="cpp\lib\particle.cpp">
      <Filter>ソース ファイル\lib</Filter>
    </ClCompile>
  </ItemGroup>
  <ItemGroup>
    <FxCompile Include="shader\unlitTextureVS.hlsl">
      <Filter>リソース ファイル</Filter>
    </FxCompile>
    <FxCompile Include="shader\common.hlsl">
      <Filter>リソース ファイル</Filter>
    </FxCompile>
    <FxCompile Include="shader\unlitTexturePS.hlsl">
      <Filter>リソース ファイル</Filter>
    </FxCompile>
    <FxCompile Include="shader\unlitTextureWithNoAlphaPS.hlsl">
      <Filter>リソース ファイル</Filter>
    </FxCompile>
    <FxCompile Include="shader\unlitTextureWithNoAlphaVS.hlsl">
      <Filter>リソース ファイル</Filter>
    </FxCompile>
    <FxCompile Include="shader\fadeVS.hlsl">
      <Filter>リソース ファイル</Filter>
    </FxCompile>
    <FxCompile Include="shader\fadePS.hlsl">
      <Filter>リソース ファイル</Filter>
    </FxCompile>
    <FxCompile Include="shader\debugPS.hlsl">
      <Filter>リソース ファイル</Filter>
    </FxCompile>
    <FxCompile Include="shader\debugVS.hlsl">
      <Filter>リソース ファイル</Filter>
    </FxCompile>
    <FxCompile Include="shader\waterWavePS.hlsl">
      <Filter>リソース ファイル</Filter>
    </FxCompile>
    <FxCompile Include="shader\waterWaveVS.hlsl">
      <Filter>リソース ファイル</Filter>
    </FxCompile>
    <FxCompile Include="shader\instancingPS.hlsl">
      <Filter>リソース ファイル</Filter>
    </FxCompile>
    <FxCompile Include="shader\instancingVS.hlsl">
      <Filter>リソース ファイル</Filter>
    </FxCompile>
    <FxCompile Include="shader\titleParticlePS.hlsl">
      <Filter>リソース ファイル</Filter>
    </FxCompile>
    <FxCompile Include="shader\titleParticleVS.hlsl">
      <Filter>リソース ファイル</Filter>
    </FxCompile>
  </ItemGroup>
  <ItemGroup>
    <None Include=".editorconfig">
      <Filter>リソース ファイル</Filter>
    </None>
    <None Include=".github\copilot-instructions.md">
      <Filter>リソース ファイル</Filter>
    </None>
  </ItemGroup>
</Project>