<?xml version="1.0" encoding="utf-8"?>
<Project ToolsVersion="4.0" xmlns="http://schemas.microsoft.com/developer/msbuild/2003">
  <ItemGroup>
    <Filter Include="ソース ファイル">
      <UniqueIdentifier>{4FC737F1-C7A5-4376-A066-2A32D752A2FF}</UniqueIdentifier>
      <Extensions>cpp;c;cc;cxx;c++;cppm;ixx;def;odl;idl;hpj;bat;asm;asmx</Extensions>
    </Filter>
    <Filter Include="ヘッダー ファイル">
      <UniqueIdentifier>{93995380-89BD-4b04-88EB-625FBE52EBFB}</UniqueIdentifier>
      <Extensions>h;hh;hpp;hxx;h++;hm;inl;inc;ipp;xsd</Extensions>
    </Filter>
    <Filter Include="リソース ファイル">
      <UniqueIdentifier>{67DA6AB6-F800-4c08-8B7A-83BB121AAD01}</UniqueIdentifier>
      <Extensions>rc;ico;cur;bmp;dlg;rc2;rct;bin;rgs;gif;jpg;jpeg;jpe;resx;tiff;tif;png;wav;mfcribbon-ms</Extensions>
    </Filter>
    <Filter Include="ソース ファイル\scene">
      <UniqueIdentifier>{79931812-d58f-4bff-92b2-9a31d925634d}</UniqueIdentifier>
    </Filter>
    <Filter Include="ヘッダー ファイル\scene">
      <UniqueIdentifier>{e1dc0abe-7f97-45ba-9eea-85b2d40ad162}</UniqueIdentifier>
    </Filter>
    <Filter Include="ヘッダー ファイル\collider">
      <UniqueIdentifier>{72e49ad6-945c-460e-913b-dc38ecf6755d}</UniqueIdentifier>
    </Filter>
    <Filter Include="ソース ファイル\lib">
      <UniqueIdentifier>{bbd76b49-bfa9-40e7-b0a8-516349f31bf2}</UniqueIdentifier>
    </Filter>
    <Filter Include="ソース ファイル\enemy">
      <UniqueIdentifier>{c7855952-2c98-4acf-981f-13ab6241abba}</UniqueIdentifier>
    </Filter>
    <Filter Include="ソース ファイル\object">
      <UniqueIdentifier>{99bb6d1d-3d8d-4581-9c8d-d6e85e571b8f}</UniqueIdentifier>
    </Filter>
    <Filter Include="ソース ファイル\player">
      <UniqueIdentifier>{21d7c7e9-acf0-4617-b8a3-c19868ca7c9d}</UniqueIdentifier>
    </Filter>
    <Filter Include="ヘッダー ファイル\lib">
      <UniqueIdentifier>{f933a465-00a6-429f-84a7-408de3b0df6d}</UniqueIdentifier>
    </Filter>
    <Filter Include="ヘッダー ファイル\enemy">
      <UniqueIdentifier>{43945e6d-7792-4bb3-9f31-2e7fa5f1cb0d}</UniqueIdentifier>
    </Filter>
    <Filter Include="ヘッダー ファイル\player">
      <UniqueIdentifier>{400122c8-1bca-40fb-8395-d97e9033e8d8}</UniqueIdentifier>
    </Filter>
    <Filter Include="ヘッダー ファイル\object">
      <UniqueIdentifier>{e4200ecd-955c-4fd1-bcf6-8aa7fea49fbb}</UniqueIdentifier>
    </Filter>
    <Filter Include="ヘッダー ファイル\object\ui">
      <UniqueIdentifier>{6170fa42-f8a5-4a06-997c-3ad2db32fcf5}</UniqueIdentifier>
    </Filter>
    <Filter Include="ソース ファイル\object\ui">
      <UniqueIdentifier>{759f7251-a066-417e-8cf5-67e324f368fb}</UniqueIdentifier>
    </Filter>
    <Filter Include="ソース ファイル\manager">
      <UniqueIdentifier>{055b7dff-428e-4b91-aad5-8c079102e9e7}</UniqueIdentifier>
    </Filter>
    <Filter Include="ヘッダー ファイル\manager">
      <UniqueIdentifier>{57e6f74b-b236-4338-919d-46107479d2c2}</UniqueIdentifier>
    </Filter>
  </ItemGroup>
  <ItemGroup>
    <ClInclude Include="manager.h">
      <Filter>ヘッダー ファイル</Filter>
    </ClInclude>
    <ClInclude Include="main.h">
      <Filter>ヘッダー ファイル</Filter>
    </ClInclude>
    <ClInclude Include="component.h">
      <Filter>ヘッダー ファイル</Filter>
    </ClInclude>
    <ClInclude Include="hedder\scene\game_scene.h">
      <Filter>ヘッダー ファイル\scene</Filter>
    </ClInclude>
    <ClInclude Include="hedder\scene\setting_scene.h">
      <Filter>ヘッダー ファイル\scene</Filter>
    </ClInclude>
    <ClInclude Include="hedder\scene\title_scene.h">
      <Filter>ヘッダー ファイル\scene</Filter>
    </ClInclude>
    <ClInclude Include="hedder\scene\base_scene.h">
      <Filter>ヘッダー ファイル\scene</Filter>
    </ClInclude>
    <ClInclude Include="hedder\collider\sphere.h">
      <Filter>ヘッダー ファイル\collider</Filter>
    </ClInclude>
    <ClInclude Include="hedder\collider\collider_base.h">
      <Filter>ヘッダー ファイル\collider</Filter>
    </ClInclude>
    <ClInclude Include="hedder\collider\collision.h">
      <Filter>ヘッダー ファイル\collider</Filter>
    </ClInclude>
    <ClInclude Include="hedder\collider\cube.h">
      <Filter>ヘッダー ファイル\collider</Filter>
    </ClInclude>
    <ClInclude Include="input.h">
      <Filter>ヘッダー ファイル\lib</Filter>
    </ClInclude>
    <ClInclude Include="modelRenderer.h">
      <Filter>ヘッダー ファイル\lib</Filter>
    </ClInclude>
    <ClInclude Include="renderer.h">
      <Filter>ヘッダー ファイル\lib</Filter>
    </ClInclude>
    <ClInclude Include="vector3.h">
      <Filter>ヘッダー ファイル\lib</Filter>
    </ClInclude>
    <ClInclude Include="bullet.h">
      <Filter>ヘッダー ファイル\enemy</Filter>
    </ClInclude>
    <ClInclude Include="enemy.h">
      <Filter>ヘッダー ファイル\enemy</Filter>
    </ClInclude>
    <ClInclude Include="explosion.h">
      <Filter>ヘッダー ファイル\enemy</Filter>
    </ClInclude>
    <ClInclude Include="texture_manager.h">
      <Filter>ヘッダー ファイル\manager</Filter>
    </ClInclude>
    <ClInclude Include="player.h">
      <Filter>ヘッダー ファイル\player</Filter>
    </ClInclude>
    <ClInclude Include="hedder\object\billboard.h">
      <Filter>ヘッダー ファイル\object</Filter>
    </ClInclude>
    <ClInclude Include="hedder\object\camera.h">
      <Filter>ヘッダー ファイル\object</Filter>
    </ClInclude>
    <ClInclude Include="hedder\object\field.h">
      <Filter>ヘッダー ファイル\object</Filter>
    </ClInclude>
    <ClInclude Include="hedder\object\game_object.h">
      <Filter>ヘッダー ファイル\object</Filter>
    </ClInclude>
    <ClInclude Include="hedder\object\polygon.h">
      <Filter>ヘッダー ファイル\object</Filter>
    </ClInclude>
    <ClInclude Include="hedder\object\ui\ui.h">
      <Filter>ヘッダー ファイル\object\ui</Filter>
    </ClInclude>
    <ClInclude Include="hedder\object\ui\image.h">
      <Filter>ヘッダー ファイル\object\ui</Filter>
    </ClInclude>
    <ClInclude Include="shader_manager.h">
      <Filter>ヘッダー ファイル\manager</Filter>
    </ClInclude>
    <ClInclude Include="hedder\object\ui\button.h">
      <Filter>ヘッダー ファイル\object\ui</Filter>
    </ClInclude>
    <ClInclude Include="panel.h">
      <Filter>ヘッダー ファイル\object</Filter>
    </ClInclude>
    <ClInclude Include="particle.h">
      <Filter>ヘッダー ファイル\lib</Filter>
    </ClInclude>
    <ClInclude Include="result_scene.h">
      <Filter>ヘッダー ファイル\scene</Filter>
    </ClInclude>
    <ClInclude Include="score.h">
      <Filter>ヘッダー ファイル</Filter>
    </ClInclude>
    <ClInclude Include="default_vertex.h">
      <Filter>ヘッダー ファイル\manager</Filter>
    </ClInclude>
    <ClInclude Include="hedder\lib\easing.h">
      <Filter>ヘッダー ファイル\lib</Filter>
    </ClInclude>
    <ClInclude Include="hedder\lib\audio.h">
      <Filter>ヘッダー ファイル\lib</Filter>
    </ClInclude>
    <ClInclude Include="hedder\object\2d_object.h">
      <Filter>ヘッダー ファイル\object</Filter>
    </ClInclude>
    <ClInclude Include="hedder\object\3d_object.h">
      <Filter>ヘッダー ファイル\object</Filter>
    </ClInclude>
    <ClInclude Include="skydome.h">
      <Filter>ヘッダー ファイル\object</Filter>
    </ClInclude>
    <ClInclude Include="hedder\lib\mouse.h">
      <Filter>ヘッダー ファイル\lib</Filter>
    </ClInclude>
  </ItemGroup>
  <ItemGroup>
    <ClCompile Include="main.cpp">
      <Filter>ソース ファイル</Filter>
    </ClCompile>
    <ClCompile Include="cpp\scene\game_scene.cpp">
      <Filter>ソース ファイル\scene</Filter>
    </ClCompile>
    <ClCompile Include="cpp\scene\setting_scene.cpp">
      <Filter>ソース ファイル\scene</Filter>
    </ClCompile>
    <ClCompile Include="cpp\scene\title_scene.cpp">
      <Filter>ソース ファイル\scene</Filter>
    </ClCompile>
    <ClCompile Include="modelRenderer.cpp">
      <Filter>ソース ファイル\lib</Filter>
    </ClCompile>
    <ClCompile Include="input.cpp">
      <Filter>ソース ファイル\lib</Filter>
    </ClCompile>
    <ClCompile Include="renderer.cpp">
      <Filter>ソース ファイル\lib</Filter>
    </ClCompile>
    <ClCompile Include="enemy.cpp">
      <Filter>ソース ファイル\enemy</Filter>
    </ClCompile>
    <ClCompile Include="explosion.cpp">
      <Filter>ソース ファイル\enemy</Filter>
    </ClCompile>
    <ClCompile Include="bullet.cpp">
      <Filter>ソース ファイル\enemy</Filter>
    </ClCompile>
    <ClCompile Include="billboard.cpp">
      <Filter>ソース ファイル\object</Filter>
    </ClCompile>
    <ClCompile Include="camera.cpp">
      <Filter>ソース ファイル\object</Filter>
    </ClCompile>
    <ClCompile Include="field.cpp">
      <Filter>ソース ファイル\object</Filter>
    </ClCompile>
    <ClCompile Include="polygon.cpp">
      <Filter>ソース ファイル\object</Filter>
    </ClCompile>
    <ClCompile Include="player.cpp">
      <Filter>ソース ファイル\player</Filter>
    </ClCompile>
    <ClCompile Include="texture_manager.cpp">
      <Filter>ソース ファイル\manager</Filter>
    </ClCompile>
    <ClCompile Include="manager.cpp">
      <Filter>ソース ファイル\scene</Filter>
    </ClCompile>
    <ClCompile Include="cpp\scene\base_scene.cpp">
      <Filter>ソース ファイル\scene</Filter>
    </ClCompile>
    <ClCompile Include="image.cpp">
      <Filter>ソース ファイル\object\ui</Filter>
    </ClCompile>
    <ClCompile Include="shader_manager.cpp">
      <Filter>ソース ファイル\manager</Filter>
    </ClCompile>
    <ClCompile Include="cpp\object\game_object.cpp">
      <Filter>ソース ファイル\object</Filter>
    </ClCompile>
    <ClCompile Include="button.cpp">
      <Filter>ソース ファイル\object\ui</Filter>
    </ClCompile>
    <ClCompile Include="particle.cpp">
      <Filter>ソース ファイル\lib</Filter>
    </ClCompile>
    <ClCompile Include="result_scene.cpp">
      <Filter>ソース ファイル\scene</Filter>
    </ClCompile>
    <ClCompile Include="score.cpp">
      <Filter>ソース ファイル</Filter>
    </ClCompile>
    <ClCompile Include="default_vertex.cpp">
      <Filter>ソース ファイル\manager</Filter>
    </ClCompile>
    <ClCompile Include="cpp\lib\easing.cpp">
      <Filter>ソース ファイル\lib</Filter>
    </ClCompile>
    <ClCompile Include="cpp\lib\audio.cpp">
      <Filter>ソース ファイル\lib</Filter>
    </ClCompile>
    <ClCompile Include="skydome.cpp">
      <Filter>ソース ファイル\object</Filter>
    </ClCompile>
    <ClCompile Include="cpp\lib\mouse.cpp">
      <Filter>ソース ファイル\lib</Filter>
    </ClCompile>
  </ItemGroup>
  <ItemGroup>
    <FxCompile Include="shader\unlitTextureVS.hlsl">
      <Filter>リソース ファイル</Filter>
    </FxCompile>
    <FxCompile Include="shader\common.hlsl">
      <Filter>リソース ファイル</Filter>
    </FxCompile>
    <FxCompile Include="shader\unlitTexturePS.hlsl">
      <Filter>リソース ファイル</Filter>
    </FxCompile>
  </ItemGroup>
  <ItemGroup>
    <None Include=".editorconfig">
      <Filter>リソース ファイル</Filter>
    </None>
    <None Include=".github\copilot-instructions.md">
      <Filter>リソース ファイル</Filter>
    </None>
  </ItemGroup>
</Project>